
Microsoft Visual Studio Solution File, Format Version 12.00
# Visual Studio Version 16
VisualStudioVersion = 16.0.30717.126
MinimumVisualStudioVersion = 10.0.40219.1
Project("{FAE04EC0-301F-11D3-BF4B-00C04F79EFBC}") = "PXUK16.Web", "PXUK16.Web\PXUK16.Web.csproj", "{5495AD64-EB71-47BA-91B7-B4C716C051D4}"
EndProject
Global
	GlobalSection(SolutionConfigurationPlatforms) = preSolution
		Debug|Any CPU = Debug|Any CPU
		Release|Any CPU = Release|Any CPU
	EndGlobalSection
	GlobalSection(ProjectConfigurationPlatforms) = postSolution
		{5495AD64-EB71-47BA-91B7-B4C716C051D4}.Debug|Any CPU.ActiveCfg = Debug|Any CPU
		{5495AD64-EB71-47BA-91B7-B4C716C051D4}.Debug|Any CPU.Build.0 = Debug|Any CPU
		{5495AD64-EB71-47BA-91B7-B4C716C051D4}.Release|Any CPU.ActiveCfg = Release|Any CPU
		{5495AD64-EB71-47BA-91B7-B4C716C051D4}.Release|Any CPU.Build.0 = Release|Any CPU
	EndGlobalSection
	GlobalSection(SolutionProperties) = preSolution
		HideSolutionNode = FALSE
	EndGlobalSection
	GlobalSection(ExtensibilityGlobals) = postSolution
		SolutionGuid = {12B12A51-2CAE-4972-8212-A2DFA709701E}
	EndGlobalSection
EndGlobal
